%{
  "aho_corasick": {:git, "https://github.com/wudeng/aho-corasick.git", "a678401e6c97a020b9c6521ff97a38cb9cd73e5f", []},
  "artificery": {:hex, :artificery, "0.4.0", "e0b8d3eb9dfe8f42c08a620f90a2aa9cef5dba9fcdfcecad5c2be451df159a77", [:mix], [], "hexpm"},
  "bunt": {:hex, :bunt, "0.2.0", "951c6e801e8b1d2cbe58ebbd3e616a869061ddadcc4863d0a2182541acae9a38", [:mix], [], "hexpm"},
  "certifi": {:hex, :certifi, "2.4.2", "75424ff0f3baaccfd34b1214184b6ef616d89e420b258bb0a5ea7d7bc628f7f0", [:rebar3], [{:parse_trans, "~>3.3", [hex: :parse_trans, repo: "hexpm", optional: false]}], "hexpm"},
  "combine": {:hex, :combine, "0.10.0", "eff8224eeb56498a2af13011d142c5e7997a80c8f5b97c499f84c841032e429f", [:mix], [], "hexpm"},
  "connection": {:hex, :connection, "1.0.4", "a1cae72211f0eef17705aaededacac3eb30e6625b04a6117c1b2db6ace7d5976", [:mix], [], "hexpm"},
  "credo": {:hex, :credo, "1.0.1", "5a5bc382cf0a12cc7db64cc018526aee05db572c60e867f6bc4b647d7ef9fc61", [:mix], [{:bunt, "~> 0.2.0", [hex: :bunt, repo: "hexpm", optional: false]}, {:jason, "~> 1.0", [hex: :jason, repo: "hexpm", optional: false]}], "hexpm"},
  "db_connection": {:hex, :db_connection, "2.0.5", "ddb2ba6761a08b2bb9ca0e7d260e8f4dd39067426d835c24491a321b7f92a4da", [:mix], [{:connection, "~> 1.0.2", [hex: :connection, repo: "hexpm", optional: false]}], "hexpm"},
  "decimal": {:hex, :decimal, "1.6.0", "bfd84d90ff966e1f5d4370bdd3943432d8f65f07d3bab48001aebd7030590dcc", [:mix], [], "hexpm"},
  "dialyxir": {:hex, :dialyxir, "1.0.0-rc.4", "71b42f5ee1b7628f3e3a6565f4617dfb02d127a0499ab3e72750455e986df001", [:mix], [{:erlex, "~> 0.1", [hex: :erlex, repo: "hexpm", optional: false]}], "hexpm"},
  "distillery": {:hex, :distillery, "2.0.12", "6e78fe042df82610ac3fa50bd7d2d8190ad287d120d3cd1682d83a44e8b34dfb", [:mix], [{:artificery, "~> 0.2", [hex: :artificery, repo: "hexpm", optional: false]}], "hexpm"},
  "ecto": {:hex, :ecto, "3.0.6", "d33ab5b3f7553a41507d4b0ad5bf192d533119c4ad08f3a5d63d85aa12117dc9", [:mix], [{:decimal, "~> 1.6", [hex: :decimal, repo: "hexpm", optional: false]}, {:jason, "~> 1.0", [hex: :jason, repo: "hexpm", optional: true]}, {:poison, "~> 2.2 or ~> 3.0", [hex: :poison, repo: "hexpm", optional: true]}], "hexpm"},
  "ecto_sql": {:hex, :ecto_sql, "3.0.4", "e7a0feb0b2484b90981c56d5cd03c52122c1c31ded0b95ed213b7c5c07ae6737", [:mix], [{:db_connection, "~> 2.0", [hex: :db_connection, repo: "hexpm", optional: false]}, {:ecto, "~> 3.0.6", [hex: :ecto, repo: "hexpm", optional: false]}, {:mariaex, "~> 0.9.1", [hex: :mariaex, repo: "hexpm", optional: true]}, {:postgrex, "~> 0.14.0", [hex: :postgrex, repo: "hexpm", optional: true]}, {:telemetry, "~> 0.3.0", [hex: :telemetry, repo: "hexpm", optional: false]}], "hexpm"},
  "erlex": {:hex, :erlex, "0.2.0", "80349ebd58553dbd63489937380bfa7d906be3266b91bbd9d2bd6b71f1e8c07d", [:mix], [], "hexpm"},
  "gen_stage": {:hex, :gen_stage, "0.14.1", "9d46723fda072d4f4bb31a102560013f7960f5d80ea44dcb96fd6304ed61e7a4", [:mix], [], "hexpm"},
  "gettext": {:hex, :gettext, "0.16.1", "e2130b25eebcbe02bb343b119a07ae2c7e28bd4b146c4a154da2ffb2b3507af2", [:mix], [], "hexpm"},
  "hackney": {:hex, :hackney, "1.15.0", "287a5d2304d516f63e56c469511c42b016423bcb167e61b611f6bad47e3ca60e", [:rebar3], [{:certifi, "2.4.2", [hex: :certifi, repo: "hexpm", optional: false]}, {:idna, "6.0.0", [hex: :idna, repo: "hexpm", optional: false]}, {:metrics, "1.0.1", [hex: :metrics, repo: "hexpm", optional: false]}, {:mimerl, "1.0.2", [hex: :mimerl, repo: "hexpm", optional: false]}, {:ssl_verify_fun, "1.1.4", [hex: :ssl_verify_fun, repo: "hexpm", optional: false]}], "hexpm"},
  "httpoison": {:hex, :httpoison, "0.13.0", "bfaf44d9f133a6599886720f3937a7699466d23bb0cd7a88b6ba011f53c6f562", [:mix], [{:hackney, "~> 1.8", [hex: :hackney, repo: "hexpm", optional: false]}], "hexpm"},
  "idna": {:hex, :idna, "6.0.0", "689c46cbcdf3524c44d5f3dde8001f364cd7608a99556d8fbd8239a5798d4c10", [:rebar3], [{:unicode_util_compat, "0.4.1", [hex: :unicode_util_compat, repo: "hexpm", optional: false]}], "hexpm"},
  "jason": {:hex, :jason, "1.1.2", "b03dedea67a99223a2eaf9f1264ce37154564de899fd3d8b9a21b1a6fd64afe7", [:mix], [{:decimal, "~> 1.0", [hex: :decimal, repo: "hexpm", optional: true]}], "hexpm"},
  "metrics": {:hex, :metrics, "1.0.1", "25f094dea2cda98213cecc3aeff09e940299d950904393b2a29d191c346a8486", [:rebar3], [], "hexpm"},
  "mimerl": {:hex, :mimerl, "1.0.2", "993f9b0e084083405ed8252b99460c4f0563e41729ab42d9074fd5e52439be88", [:rebar3], [], "hexpm"},
  "nosedrum": {:hex, :nosedrum, "0.1.0", "77e0a8dc9c10b95fa7ebe82b47c32068ecc27c6c60db0af86cd1dee4eb36bef6", [:mix], [{:nostrum, "~> 0.2", [hex: :nostrum, repo: "hexpm", optional: false]}], "hexpm"},
  "nostrum": {:git, "https://github.com/Kraigie/nostrum.git", "eae02ced848e5899d9ff32e4b6452950d1ada2dd", []},
  "parse_trans": {:hex, :parse_trans, "3.3.0", "09765507a3c7590a784615cfd421d101aec25098d50b89d7aa1d66646bc571c1", [:rebar3], [], "hexpm"},
  "poison": {:hex, :poison, "3.1.0", "d9eb636610e096f86f25d9a46f35a9facac35609a7591b3be3326e99a0484665", [:mix], [], "hexpm"},
  "postgrex": {:hex, :postgrex, "0.14.1", "63247d4a5ad6b9de57a0bac5d807e1c32d41e39c04b8a4156a26c63bcd8a2e49", [:mix], [{:connection, "~> 1.0", [hex: :connection, repo: "hexpm", optional: false]}, {:db_connection, "~> 2.0", [hex: :db_connection, repo: "hexpm", optional: false]}, {:decimal, "~> 1.5", [hex: :decimal, repo: "hexpm", optional: false]}, {:jason, "~> 1.0", [hex: :jason, repo: "hexpm", optional: true]}], "hexpm"},
  "ssl_verify_fun": {:hex, :ssl_verify_fun, "1.1.4", "f0eafff810d2041e93f915ef59899c923f4568f4585904d010387ed74988e77b", [:make, :mix, :rebar3], [], "hexpm"},
  "telemetry": {:hex, :telemetry, "0.3.0", "099a7f3ce31e4780f971b4630a3c22ec66d22208bc090fe33a2a3a6a67754a73", [:rebar3], [], "hexpm"},
  "timex": {:hex, :timex, "3.5.0", "b0a23167da02d0fe4f1a4e104d1f929a00d348502b52432c05de875d0b9cffa5", [:mix], [{:combine, "~> 0.10", [hex: :combine, repo: "hexpm", optional: false]}, {:gettext, "~> 0.10", [hex: :gettext, repo: "hexpm", optional: false]}, {:tzdata, "~> 0.1.8 or ~> 0.5", [hex: :tzdata, repo: "hexpm", optional: false]}], "hexpm"},
  "tzdata": {:hex, :tzdata, "0.5.19", "7962a3997bf06303b7d1772988ede22260f3dae1bf897408ebdac2b4435f4e6a", [:mix], [{:hackney, "~> 1.0", [hex: :hackney, repo: "hexpm", optional: false]}], "hexpm"},
  "unicode_util_compat": {:hex, :unicode_util_compat, "0.4.1", "d869e4c68901dd9531385bb0c8c40444ebf624e60b6962d95952775cac5e90cd", [:rebar3], [], "hexpm"},
  "websockex": {:git, "https://github.com/Azolo/websockex", "e4307beb6931bf52d62c97ee6ddb20594dd6fd3f", []},
}
